{
  "name": "9833c18b2d85bc59",
  "lockfileVersion": 3,
  "requires": true,
  "packages": {
    "": {
      "dependencies": {
        "@playwright/mcp": "^0.0.51"
      }
    },
    "node_modules/@playwright/mcp": {
      "version": "0.0.51",
      "resolved": "https://registry.npmjs.org/@playwright/mcp/-/mcp-0.0.51.tgz",
      "integrity": "sha512-/8xzYKiAyt0PAEEofZ7qI9QTHTrL3HSDDriU4jKV+DojcfdEPsdqnhjCwlO5mp6OA4pHTIFl9IoUwVUDsGI9ug==",
      "license": "Apache-2.0",
      "dependencies": {
        "playwright": "1.58.0-alpha-2025-12-05",
        "playwright-core": "1.58.0-alpha-2025-12-05"
      },
      "bin": {
        "mcp-server-playwright": "cli.js"
      },
      "engines": {
        "node": ">=18"
      }
    },
    "node_modules/fsevents": {
      "version": "2.3.2",
      "resolved": "https://registry.npmjs.org/fsevents/-/fsevents-2.3.2.tgz",
      "integrity": "sha512-xiqMQR4xAeHTuB9uWm+fFRcIOgKBMiOBP+eXiyT7jsgVCq1bkVygt00oASowB7EdtpOHaaPgKt812P9ab+DDKA==",
      "hasInstallScript": true,
      "license": "MIT",
      "optional": true,
      "os": [
        "darwin"
      ],
      "engines": {
        "node": "^8.16.0 || ^10.6.0 || >=11.0.0"
      }
    },
    "node_modules/playwright": {
      "version": "1.58.0-alpha-2025-12-05",
      "resolved": "https://registry.npmjs.org/playwright/-/playwright-1.58.0-alpha-2025-12-05.tgz",
      "integrity": "sha512-Uy6Gbf1sGYsyffpgxhKJW5GoO68ZHcSiPg49q5sY7+bJLn7OZ8zXE5eO+nTcVzhoVVmFZsO+8h9iAVOk2wheSg==",
      "license": "Apache-2.0",
      "dependencies": {
        "playwright-core": "1.58.0-alpha-2025-12-05"
      },
      "bin": {
        "playwright": "cli.js"
      },
      "engines": {
        "node": ">=18"
      },
      "optionalDependencies": {
        "fsevents": "2.3.2"
      }
    },
    "node_modules/playwright-core": {
      "version": "1.58.0-alpha-2025-12-05",
      "resolved": "https://registry.npmjs.org/playwright-core/-/playwright-core-1.58.0-alpha-2025-12-05.tgz",
      "integrity": "sha512-SxuplRh2ebubfQKa4W2l245iXYIijjosb0TEqu3AKZvZNfpNYkdOZ6QBWaO3x5OtpejaATX753cM9BYuS8UjqA==",
      "license": "Apache-2.0",
      "bin": {
        "playwright-core": "cli.js"
      },
      "engines": {
        "node": ">=18"
      }
    }
  }
}
